
Microsoft Visual Studio Solution File, Format Version 12.00
# Visual Studio 2012
Project("{FAE04EC0-301F-11D3-BF4B-00C04F79EFBC}") = "A22", "A22\A22.csproj", "{C25672A0-40C9-4E89-B564-6A0556CCD75D}"
EndProject
Project("{FAE04EC0-301F-11D3-BF4B-00C04F79EFBC}") = "A22.Tests", "A22.Tests\A22.Tests.csproj", "{3475A197-F07E-48FE-A7B5-A43020CCED40}"
EndProject
Global
	GlobalSection(SolutionConfigurationPlatforms) = preSolution
		Debug|Any CPU = Debug|Any CPU
		Release|Any CPU = Release|Any CPU
	EndGlobalSection
	GlobalSection(ProjectConfigurationPlatforms) = postSolution
		{C25672A0-40C9-4E89-B564-6A0556CCD75D}.Debug|Any CPU.ActiveCfg = Debug|Any CPU
		{C25672A0-40C9-4E89-B564-6A0556CCD75D}.Debug|Any CPU.Build.0 = Debug|Any CPU
		{C25672A0-40C9-4E89-B564-6A0556CCD75D}.Release|Any CPU.ActiveCfg = Release|Any CPU
		{C25672A0-40C9-4E89-B564-6A0556CCD75D}.Release|Any CPU.Build.0 = Release|Any CPU
		{3475A197-F07E-48FE-A7B5-A43020CCED40}.Debug|Any CPU.ActiveCfg = Debug|Any CPU
		{3475A197-F07E-48FE-A7B5-A43020CCED40}.Debug|Any CPU.Build.0 = Debug|Any CPU
		{3475A197-F07E-48FE-A7B5-A43020CCED40}.Release|Any CPU.ActiveCfg = Release|Any CPU
		{3475A197-F07E-48FE-A7B5-A43020CCED40}.Release|Any CPU.Build.0 = Release|Any CPU
	EndGlobalSection
EndGlobal
